
Microsoft Visual Studio Solution File, Format Version 12.00
# Visual Studio Version 17
VisualStudioVersion = 17.2.32526.322
MinimumVisualStudioVersion = 10.0.40219.1
Project("{FAE04EC0-301F-11D3-BF4B-00C04F79EFBC}") = "BlazorApp", "BlazorApp\BlazorApp.csproj", "{4CE9B39E-8AF2-4F16-8CF9-6529AA405849}"
EndProject
Global
	GlobalSection(SolutionConfigurationPlatforms) = preSolution
		Debug|Any CPU = Debug|Any CPU
		Release|Any CPU = Release|Any CPU
	EndGlobalSection
	GlobalSection(ProjectConfigurationPlatforms) = postSolution
		{4CE9B39E-8AF2-4F16-8CF9-6529AA405849}.Debug|Any CPU.ActiveCfg = Debug|Any CPU
		{4CE9B39E-8AF2-4F16-8CF9-6529AA405849}.Debug|Any CPU.Build.0 = Debug|Any CPU
		{4CE9B39E-8AF2-4F16-8CF9-6529AA405849}.Release|Any CPU.ActiveCfg = Release|Any CPU
		{4CE9B39E-8AF2-4F16-8CF9-6529AA405849}.Release|Any CPU.Build.0 = Release|Any CPU
	EndGlobalSection
	GlobalSection(SolutionProperties) = preSolution
		HideSolutionNode = FALSE
	EndGlobalSection
	GlobalSection(ExtensibilityGlobals) = postSolution
		SolutionGuid = {D71DCDA0-AC6F-484D-9119-CA5181C9D4E1}
	EndGlobalSection
EndGlobal
